
Microsoft Visual Studio Solution File, Format Version 12.00
# Visual Studio Version 16
VisualStudioVersion = 16.0.32106.194
MinimumVisualStudioVersion = 10.0.40219.1
Project("{FAE04EC0-301F-11D3-BF4B-00C04F79EFBC}") = "practice_git", "practice_git.csproj", "{5911AD9F-09B0-4391-BBAF-BFD376AECD2D}"
EndProject
Global
	GlobalSection(SolutionConfigurationPlatforms) = preSolution
		Debug|Any CPU = Debug|Any CPU
		Release|Any CPU = Release|Any CPU
	EndGlobalSection
	GlobalSection(ProjectConfigurationPlatforms) = postSolution
		{5911AD9F-09B0-4391-BBAF-BFD376AECD2D}.Debug|Any CPU.ActiveCfg = Debug|Any CPU
		{5911AD9F-09B0-4391-BBAF-BFD376AECD2D}.Debug|Any CPU.Build.0 = Debug|Any CPU
		{5911AD9F-09B0-4391-BBAF-BFD376AECD2D}.Release|Any CPU.ActiveCfg = Release|Any CPU
		{5911AD9F-09B0-4391-BBAF-BFD376AECD2D}.Release|Any CPU.Build.0 = Release|Any CPU
	EndGlobalSection
	GlobalSection(SolutionProperties) = preSolution
		HideSolutionNode = FALSE
	EndGlobalSection
	GlobalSection(ExtensibilityGlobals) = postSolution
		SolutionGuid = {BF8C2A90-BB55-4B71-BE43-6D63047D7F1C}
	EndGlobalSection
EndGlobal
